
Microsoft Visual Studio Solution File, Format Version 12.00
# Visual Studio 14
VisualStudioVersion = 14.0.24720.0
MinimumVisualStudioVersion = 10.0.40219.1
Project("{FAE04EC0-301F-11D3-BF4B-00C04F79EFBC}") = "Galactic Colors Control Server", "Galactic Colors Control Server\Galactic Colors Control Server.csproj", "{9E3AF4E1-88C6-4139-A15C-B4F633E80612}"
EndProject
Project("{FAE04EC0-301F-11D3-BF4B-00C04F79EFBC}") = "Galactic Colors Control", "Galactic Colors Control\Galactic Colors Control.csproj", "{93582CE8-C8C8-4E19-908B-D671ECBADE25}"
EndProject
Project("{FAE04EC0-301F-11D3-BF4B-00C04F79EFBC}") = "Galactic Colors Control GUI", "Galactic Colors Control GUI\Galactic Colors Control GUI.csproj", "{F6CDDF1B-5A57-4A84-B57C-749FFF9AE031}"
	ProjectSection(ProjectDependencies) = postProject
		{93582CE8-C8C8-4E19-908B-D671ECBADE25} = {93582CE8-C8C8-4E19-908B-D671ECBADE25}
	EndProjectSection
EndProject
Global
	GlobalSection(SolutionConfigurationPlatforms) = preSolution
		Debug|Any CPU = Debug|Any CPU
		Debug|x86 = Debug|x86
		Release|Any CPU = Release|Any CPU
		Release|x86 = Release|x86
	EndGlobalSection
	GlobalSection(ProjectConfigurationPlatforms) = postSolution
		{9E3AF4E1-88C6-4139-A15C-B4F633E80612}.Debug|Any CPU.ActiveCfg = Release|Any CPU
		{9E3AF4E1-88C6-4139-A15C-B4F633E80612}.Debug|Any CPU.Build.0 = Release|Any CPU
		{9E3AF4E1-88C6-4139-A15C-B4F633E80612}.Debug|x86.ActiveCfg = Debug|Any CPU
		{9E3AF4E1-88C6-4139-A15C-B4F633E80612}.Debug|x86.Build.0 = Debug|Any CPU
		{9E3AF4E1-88C6-4139-A15C-B4F633E80612}.Release|Any CPU.ActiveCfg = Release|Any CPU
		{9E3AF4E1-88C6-4139-A15C-B4F633E80612}.Release|Any CPU.Build.0 = Release|Any CPU
		{9E3AF4E1-88C6-4139-A15C-B4F633E80612}.Release|x86.ActiveCfg = Release|Any CPU
		{9E3AF4E1-88C6-4139-A15C-B4F633E80612}.Release|x86.Build.0 = Release|Any CPU
		{93582CE8-C8C8-4E19-908B-D671ECBADE25}.Debug|Any CPU.ActiveCfg = Release|Any CPU
		{93582CE8-C8C8-4E19-908B-D671ECBADE25}.Debug|Any CPU.Build.0 = Release|Any CPU
		{93582CE8-C8C8-4E19-908B-D671ECBADE25}.Debug|x86.ActiveCfg = Debug|Any CPU
		{93582CE8-C8C8-4E19-908B-D671ECBADE25}.Debug|x86.Build.0 = Debug|Any CPU
		{93582CE8-C8C8-4E19-908B-D671ECBADE25}.Release|Any CPU.ActiveCfg = Release|Any CPU
		{93582CE8-C8C8-4E19-908B-D671ECBADE25}.Release|Any CPU.Build.0 = Release|Any CPU
		{93582CE8-C8C8-4E19-908B-D671ECBADE25}.Release|x86.ActiveCfg = Release|Any CPU
		{93582CE8-C8C8-4E19-908B-D671ECBADE25}.Release|x86.Build.0 = Release|Any CPU
		{F6CDDF1B-5A57-4A84-B57C-749FFF9AE031}.Debug|Any CPU.ActiveCfg = Release|x86
		{F6CDDF1B-5A57-4A84-B57C-749FFF9AE031}.Debug|Any CPU.Build.0 = Release|x86
		{F6CDDF1B-5A57-4A84-B57C-749FFF9AE031}.Debug|x86.ActiveCfg = Debug|x86
		{F6CDDF1B-5A57-4A84-B57C-749FFF9AE031}.Debug|x86.Build.0 = Debug|x86
		{F6CDDF1B-5A57-4A84-B57C-749FFF9AE031}.Release|Any CPU.ActiveCfg = Release|x86
		{F6CDDF1B-5A57-4A84-B57C-749FFF9AE031}.Release|Any CPU.Build.0 = Release|x86
		{F6CDDF1B-5A57-4A84-B57C-749FFF9AE031}.Release|x86.ActiveCfg = Release|x86
		{F6CDDF1B-5A57-4A84-B57C-749FFF9AE031}.Release|x86.Build.0 = Release|x86
	EndGlobalSection
	GlobalSection(SolutionProperties) = preSolution
		HideSolutionNode = FALSE
	EndGlobalSection
EndGlobal
